<Solution>
  <Folder Name="/src/">
    <Project Path="src/Synaptrix/Synaptrix.csproj" />
    <Project Path="src/Synaptrix.Core/Synaptrix.Core.csproj" />
    <Project Path="src/Synaptrix.Generator/Synaptrix.Generator.csproj" />
  </Folder>
  <Folder Name="/examples/">
    <Project Path="examples/Synaptrix.Examples.Shared/Synaptrix.Examples.Shared.csproj" />
    <Project Path="examples/Synaptrix.Examples.Web/Synaptrix.Examples.Web.csproj" />
  </Folder>
  <Folder Name="/tests/">
    <Project Path="tests/Synaptrix.Core.Tests/Synaptrix.Core.Tests.csproj" />
    <Project Path="tests/Synaptrix.Generator.Tests/Synaptrix.Generator.Tests.csproj" />
  </Folder>
  <Folder Name="/benchmarks/">
    <Project Path="benchmarks/Concordia.Benchmarks/Synaptrix.Benchmarks.csproj" />
  </Folder>
</Solution>
